
Microsoft Visual Studio Solution File, Format Version 12.00
Project("{FAE04EC0-301F-11D3-BF4B-00C04F79EFBC}") = "MetaforceInstaller.Cli", "MetaforceInstaller.Cli\MetaforceInstaller.Cli.csproj", "{4928C2AC-6B63-4B18-9472-705807A15893}"
EndProject
Project("{FAE04EC0-301F-11D3-BF4B-00C04F79EFBC}") = "MetaforceInstaller.Core", "MetaforceInstaller.Core\MetaforceInstaller.Core.csproj", "{83961B6E-21E7-4B7A-B4FA-6128A44BCE1F}"
EndProject
Global
	GlobalSection(SolutionConfigurationPlatforms) = preSolution
		Debug|Any CPU = Debug|Any CPU
		Release|Any CPU = Release|Any CPU
	EndGlobalSection
	GlobalSection(ProjectConfigurationPlatforms) = postSolution
		{4928C2AC-6B63-4B18-9472-705807A15893}.Debug|Any CPU.ActiveCfg = Debug|Any CPU
		{4928C2AC-6B63-4B18-9472-705807A15893}.Debug|Any CPU.Build.0 = Debug|Any CPU
		{4928C2AC-6B63-4B18-9472-705807A15893}.Release|Any CPU.ActiveCfg = Release|Any CPU
		{4928C2AC-6B63-4B18-9472-705807A15893}.Release|Any CPU.Build.0 = Release|Any CPU
		{83961B6E-21E7-4B7A-B4FA-6128A44BCE1F}.Debug|Any CPU.ActiveCfg = Debug|Any CPU
		{83961B6E-21E7-4B7A-B4FA-6128A44BCE1F}.Debug|Any CPU.Build.0 = Debug|Any CPU
		{83961B6E-21E7-4B7A-B4FA-6128A44BCE1F}.Release|Any CPU.ActiveCfg = Release|Any CPU
		{83961B6E-21E7-4B7A-B4FA-6128A44BCE1F}.Release|Any CPU.Build.0 = Release|Any CPU
	EndGlobalSection
EndGlobal
